# This file is automatically @generated by Cargo.
# It is not intended for manual editing.
version = 4

[[package]]
name = "schematic-core"
version = "0.1.0"

[[package]]
name = "schematic-edit"
version = "0.1.0"

[[package]]
name = "schematic-format"
version = "0.1.0"

[[package]]
name = "schematic-validate"
version = "0.1.0"

[[package]]
name = "schematic-wasm"
version = "0.1.0"
